
Microsoft Visual Studio Solution File, Format Version 12.00
# Visual Studio Version 17
VisualStudioVersion = 17.2.32602.215
MinimumVisualStudioVersion = 10.0.40219.1
Project("{FAE04EC0-301F-11D3-BF4B-00C04F79EFBC}") = "Desafio_OElementoExiste", "Desafio_OElementoExiste\Desafio_OElementoExiste.csproj", "{6334F2B2-A480-49EF-83AC-3EE777CDF3BC}"
EndProject
Global
	GlobalSection(SolutionConfigurationPlatforms) = preSolution
		Debug|Any CPU = Debug|Any CPU
		Release|Any CPU = Release|Any CPU
	EndGlobalSection
	GlobalSection(ProjectConfigurationPlatforms) = postSolution
		{6334F2B2-A480-49EF-83AC-3EE777CDF3BC}.Debug|Any CPU.ActiveCfg = Debug|Any CPU
		{6334F2B2-A480-49EF-83AC-3EE777CDF3BC}.Debug|Any CPU.Build.0 = Debug|Any CPU
		{6334F2B2-A480-49EF-83AC-3EE777CDF3BC}.Release|Any CPU.ActiveCfg = Release|Any CPU
		{6334F2B2-A480-49EF-83AC-3EE777CDF3BC}.Release|Any CPU.Build.0 = Release|Any CPU
	EndGlobalSection
	GlobalSection(SolutionProperties) = preSolution
		HideSolutionNode = FALSE
	EndGlobalSection
	GlobalSection(ExtensibilityGlobals) = postSolution
		SolutionGuid = {C9E3D974-6365-4896-A221-A8A494CD657B}
	EndGlobalSection
EndGlobal
